// !$*UTF8*$!
{
	archiveVersion = 1;
	classes = {
	};
	objectVersion = 55;
	objects = {

/* Begin PBXBuildFile section */
		BD2C1AE82887E154002A149E /* GitHubSearchView.swift in Sources */ = {isa = PBXBuildFile; fileRef = BD2C1AE72887E154002A149E /* GitHubSearchView.swift */; };
		BD2F4AB228816C4400C3BEA3 /* AppDelegate.swift in Sources */ = {isa = PBXBuildFile; fileRef = BD2F4AB128816C4400C3BEA3 /* AppDelegate.swift */; };
		BD2F4AB428816C4400C3BEA3 /* SceneDelegate.swift in Sources */ = {isa = PBXBuildFile; fileRef = BD2F4AB328816C4400C3BEA3 /* SceneDelegate.swift */; };
		BD2F4AB628816C4400C3BEA3 /* GitHubSearchViewController.swift in Sources */ = {isa = PBXBuildFile; fileRef = BD2F4AB528816C4400C3BEA3 /* GitHubSearchViewController.swift */; };
		BD2F4ABB28816C4500C3BEA3 /* Assets.xcassets in Resources */ = {isa = PBXBuildFile; fileRef = BD2F4ABA28816C4500C3BEA3 /* Assets.xcassets */; };
		BD2F4ABE28816C4500C3BEA3 /* LaunchScreen.storyboard in Resources */ = {isa = PBXBuildFile; fileRef = BD2F4ABC28816C4500C3BEA3 /* LaunchScreen.storyboard */; };
		BDBA4E1D28853FCC00770520 /* BookMarkViewController.swift in Sources */ = {isa = PBXBuildFile; fileRef = BDBA4E1C28853FCC00770520 /* BookMarkViewController.swift */; };
		BDC714352883E55C0071AF13 /* TabBarController.swift in Sources */ = {isa = PBXBuildFile; fileRef = BDC714342883E55C0071AF13 /* TabBarController.swift */; };
		D4EFF964BCEE82B79E506276 /* Pods_GitHubSearch.framework in Frameworks */ = {isa = PBXBuildFile; fileRef = 3E234541B5D640F83DCA267E /* Pods_GitHubSearch.framework */; };
/* End PBXBuildFile section */

/* Begin PBXFileReference section */
		3E234541B5D640F83DCA267E /* Pods_GitHubSearch.framework */ = {isa = PBXFileReference; explicitFileType = wrapper.framework; includeInIndex = 0; path = Pods_GitHubSearch.framework; sourceTree = BUILT_PRODUCTS_DIR; };
		BD2C1AD82887C76D002A149E /* GitHubSearch.app */ = {isa = PBXFileReference; explicitFileType = wrapper.application; includeInIndex = 0; path = GitHubSearch.app; sourceTree = BUILT_PRODUCTS_DIR; };
		BD2C1AE72887E154002A149E /* GitHubSearchView.swift */ = {isa = PBXFileReference; lastKnownFileType = sourcecode.swift; path = GitHubSearchView.swift; sourceTree = "<group>"; };
		BD2F4AB128816C4400C3BEA3 /* AppDelegate.swift */ = {isa = PBXFileReference; lastKnownFileType = sourcecode.swift; path = AppDelegate.swift; sourceTree = "<group>"; };
		BD2F4AB328816C4400C3BEA3 /* SceneDelegate.swift */ = {isa = PBXFileReference; lastKnownFileType = sourcecode.swift; path = SceneDelegate.swift; sourceTree = "<group>"; };
		BD2F4AB528816C4400C3BEA3 /* GitHubSearchViewController.swift */ = {isa = PBXFileReference; lastKnownFileType = sourcecode.swift; path = GitHubSearchViewController.swift; sourceTree = "<group>"; };
		BD2F4ABA28816C4500C3BEA3 /* Assets.xcassets */ = {isa = PBXFileReference; lastKnownFileType = folder.assetcatalog; path = Assets.xcassets; sourceTree = "<group>"; };
		BD2F4ABD28816C4500C3BEA3 /* Base */ = {isa = PBXFileReference; lastKnownFileType = file.storyboard; name = Base; path = Base.lproj/LaunchScreen.storyboard; sourceTree = "<group>"; };
		BD2F4ABF28816C4500C3BEA3 /* Info.plist */ = {isa = PBXFileReference; lastKnownFileType = text.plist.xml; path = Info.plist; sourceTree = "<group>"; };
		BDBA4E1C28853FCC00770520 /* BookMarkViewController.swift */ = {isa = PBXFileReference; lastKnownFileType = sourcecode.swift; path = BookMarkViewController.swift; sourceTree = "<group>"; };
		BDC714342883E55C0071AF13 /* TabBarController.swift */ = {isa = PBXFileReference; lastKnownFileType = sourcecode.swift; path = TabBarController.swift; sourceTree = "<group>"; };
		C6716F22A269D5AAB32CADF4 /* Pods-GitHubSearch.release.xcconfig */ = {isa = PBXFileReference; includeInIndex = 1; lastKnownFileType = text.xcconfig; name = "Pods-GitHubSearch.release.xcconfig"; path = "Target Support Files/Pods-GitHubSearch/Pods-GitHubSearch.release.xcconfig"; sourceTree = "<group>"; };
		FE0DAA8ED9F621F03D333F04 /* Pods-GitHubSearch.debug.xcconfig */ = {isa = PBXFileReference; includeInIndex = 1; lastKnownFileType = text.xcconfig; name = "Pods-GitHubSearch.debug.xcconfig"; path = "Target Support Files/Pods-GitHubSearch/Pods-GitHubSearch.debug.xcconfig"; sourceTree = "<group>"; };
/* End PBXFileReference section */

/* Begin PBXFrameworksBuildPhase section */
		BD2F4AAB28816C4400C3BEA3 /* Frameworks */ = {
			isa = PBXFrameworksBuildPhase;
			buildActionMask = 2147483647;
			files = (
				D4EFF964BCEE82B79E506276 /* Pods_GitHubSearch.framework in Frameworks */,
			);
			runOnlyForDeploymentPostprocessing = 0;
		};
/* End PBXFrameworksBuildPhase section */

/* Begin PBXGroup section */
		1833C3FDA9345068FC547019 /* Frameworks */ = {
			isa = PBXGroup;
			children = (
				3E234541B5D640F83DCA267E /* Pods_GitHubSearch.framework */,
			);
			name = Frameworks;
			sourceTree = "<group>";
		};
		A1B1C658B4CA1105E5325636 /* Pods */ = {
			isa = PBXGroup;
			children = (
				FE0DAA8ED9F621F03D333F04 /* Pods-GitHubSearch.debug.xcconfig */,
				C6716F22A269D5AAB32CADF4 /* Pods-GitHubSearch.release.xcconfig */,
			);
			path = Pods;
			sourceTree = "<group>";
		};
		BD2C1AD92887D81B002A149E /* Application */ = {
			isa = PBXGroup;
			children = (
				BD2F4AB128816C4400C3BEA3 /* AppDelegate.swift */,
				BD2F4AB328816C4400C3BEA3 /* SceneDelegate.swift */,
			);
			path = Application;
			sourceTree = "<group>";
		};
		BD2C1ADA2887D858002A149E /* Resources */ = {
			isa = PBXGroup;
			children = (
				BD2F4ABA28816C4500C3BEA3 /* Assets.xcassets */,
				BD2F4ABC28816C4500C3BEA3 /* LaunchScreen.storyboard */,
			);
			path = Resources;
			sourceTree = "<group>";
		};
		BD2C1ADB2887DB44002A149E /* Presentation */ = {
			isa = PBXGroup;
			children = (
				BD2C1ADE2887DD8E002A149E /* TabBar */,
				BD2C1AE02887DE1E002A149E /* GitHubSearch */,
				BD2C1AE32887DE69002A149E /* BookMark */,
			);
			path = Presentation;
			sourceTree = "<group>";
		};
		BD2C1ADC2887DB61002A149E /* Data */ = {
			isa = PBXGroup;
			children = (
			);
			path = Data;
			sourceTree = "<group>";
		};
		BD2C1ADD2887DB65002A149E /* Domain */ = {
			isa = PBXGroup;
			children = (
			);
			path = Domain;
			sourceTree = "<group>";
		};
		BD2C1ADE2887DD8E002A149E /* TabBar */ = {
			isa = PBXGroup;
			children = (
				BDC714342883E55C0071AF13 /* TabBarController.swift */,
			);
			path = TabBar;
			sourceTree = "<group>";
		};
		BD2C1AE02887DE1E002A149E /* GitHubSearch */ = {
			isa = PBXGroup;
			children = (
				BD2C1AE12887DE47002A149E /* View */,
				BD2C1AE22887DE50002A149E /* ViewController */,
				BD2C1AE52887DE88002A149E /* ViewModel */,
			);
			path = GitHubSearch;
			sourceTree = "<group>";
		};
		BD2C1AE12887DE47002A149E /* View */ = {
			isa = PBXGroup;
			children = (
				BD2C1AE72887E154002A149E /* GitHubSearchView.swift */,
			);
			path = View;
			sourceTree = "<group>";
		};
		BD2C1AE22887DE50002A149E /* ViewController */ = {
			isa = PBXGroup;
			children = (
				BD2F4AB528816C4400C3BEA3 /* GitHubSearchViewController.swift */,
			);
			path = ViewController;
			sourceTree = "<group>";
		};
		BD2C1AE32887DE69002A149E /* BookMark */ = {
			isa = PBXGroup;
			children = (
				BD2C1AE42887DE7C002A149E /* View */,
				BDC714362883E5A00071AF13 /* ViewController */,
				BD2C1AE62887DEB0002A149E /* ViewModel */,
			);
			path = BookMark;
			sourceTree = "<group>";
		};
		BD2C1AE42887DE7C002A149E /* View */ = {
			isa = PBXGroup;
			children = (
			);
			path = View;
			sourceTree = "<group>";
		};
		BD2C1AE52887DE88002A149E /* ViewModel */ = {
			isa = PBXGroup;
			children = (
			);
			path = ViewModel;
			sourceTree = "<group>";
		};
		BD2C1AE62887DEB0002A149E /* ViewModel */ = {
			isa = PBXGroup;
			children = (
			);
			path = ViewModel;
			sourceTree = "<group>";
		};
		BD2F4AA528816C4400C3BEA3 = {
			isa = PBXGroup;
			children = (
				BD2F4AB028816C4400C3BEA3 /* GitHubSearch */,
				A1B1C658B4CA1105E5325636 /* Pods */,
				1833C3FDA9345068FC547019 /* Frameworks */,
				BD2C1AD82887C76D002A149E /* GitHubSearch.app */,
			);
			sourceTree = "<group>";
		};
		BD2F4AB028816C4400C3BEA3 /* GitHubSearch */ = {
			isa = PBXGroup;
			children = (
				BD2C1ADB2887DB44002A149E /* Presentation */,
				BD2C1ADD2887DB65002A149E /* Domain */,
				BD2C1ADC2887DB61002A149E /* Data */,
				BD2C1AD92887D81B002A149E /* Application */,
				BD2C1ADA2887D858002A149E /* Resources */,
				BD2F4ABF28816C4500C3BEA3 /* Info.plist */,
			);
			path = GitHubSearch;
			sourceTree = "<group>";
		};
		BDC714362883E5A00071AF13 /* ViewController */ = {
			isa = PBXGroup;
			children = (
				BDBA4E1C28853FCC00770520 /* BookMarkViewController.swift */,
			);
			path = ViewController;
			sourceTree = "<group>";
		};
/* End PBXGroup section */

/* Begin PBXNativeTarget section */
		BD2F4AAD28816C4400C3BEA3 /* GitHubSearch */ = {
			isa = PBXNativeTarget;
			buildConfigurationList = BD2F4AC228816C4500C3BEA3 /* Build configuration list for PBXNativeTarget "GitHubSearch" */;
			buildPhases = (
				8CE6B956EF5BB5F6A036CD03 /* [CP] Check Pods Manifest.lock */,
				BD2F4AAA28816C4400C3BEA3 /* Sources */,
				BD2F4AAB28816C4400C3BEA3 /* Frameworks */,
				BD2F4AAC28816C4400C3BEA3 /* Resources */,
				76EE90115576F6420612AA7B /* [CP] Embed Pods Frameworks */,
			);
			buildRules = (
			);
			dependencies = (
			);
			name = GitHubSearch;
			productName = GitHubSearch;
			productReference = BD2C1AD82887C76D002A149E /* GitHubSearch.app */;
			productType = "com.apple.product-type.application";
		};
/* End PBXNativeTarget section */

/* Begin PBXProject section */
		BD2F4AA628816C4400C3BEA3 /* Project object */ = {
			isa = PBXProject;
			attributes = {
				BuildIndependentTargetsInParallel = 1;
				LastSwiftUpdateCheck = 1330;
				LastUpgradeCheck = 1330;
				TargetAttributes = {
					BD2F4AAD28816C4400C3BEA3 = {
						CreatedOnToolsVersion = 13.3;
					};
				};
			};
			buildConfigurationList = BD2F4AA928816C4400C3BEA3 /* Build configuration list for PBXProject "GitHubSearch" */;
			compatibilityVersion = "Xcode 13.0";
			developmentRegion = en;
			hasScannedForEncodings = 0;
			knownRegions = (
				en,
				Base,
			);
			mainGroup = BD2F4AA528816C4400C3BEA3;
			productRefGroup = BD2F4AA528816C4400C3BEA3;
			projectDirPath = "";
			projectRoot = "";
			targets = (
				BD2F4AAD28816C4400C3BEA3 /* GitHubSearch */,
			);
		};
/* End PBXProject section */

/* Begin PBXResourcesBuildPhase section */
		BD2F4AAC28816C4400C3BEA3 /* Resources */ = {
			isa = PBXResourcesBuildPhase;
			buildActionMask = 2147483647;
			files = (
				BD2F4ABE28816C4500C3BEA3 /* LaunchScreen.storyboard in Resources */,
				BD2F4ABB28816C4500C3BEA3 /* Assets.xcassets in Resources */,
			);
			runOnlyForDeploymentPostprocessing = 0;
		};
/* End PBXResourcesBuildPhase section */

/* Begin PBXShellScriptBuildPhase section */
		76EE90115576F6420612AA7B /* [CP] Embed Pods Frameworks */ = {
			isa = PBXShellScriptBuildPhase;
			buildActionMask = 2147483647;
			files = (
			);
			inputFileListPaths = (
				"${PODS_ROOT}/Target Support Files/Pods-GitHubSearch/Pods-GitHubSearch-frameworks-${CONFIGURATION}-input-files.xcfilelist",
			);
			name = "[CP] Embed Pods Frameworks";
			outputFileListPaths = (
				"${PODS_ROOT}/Target Support Files/Pods-GitHubSearch/Pods-GitHubSearch-frameworks-${CONFIGURATION}-output-files.xcfilelist",
			);
			runOnlyForDeploymentPostprocessing = 0;
			shellPath = /bin/sh;
			shellScript = "\"${PODS_ROOT}/Target Support Files/Pods-GitHubSearch/Pods-GitHubSearch-frameworks.sh\"\n";
			showEnvVarsInLog = 0;
		};
		8CE6B956EF5BB5F6A036CD03 /* [CP] Check Pods Manifest.lock */ = {
			isa = PBXShellScriptBuildPhase;
			buildActionMask = 2147483647;
			files = (
			);
			inputFileListPaths = (
			);
			inputPaths = (
				"${PODS_PODFILE_DIR_PATH}/Podfile.lock",
				"${PODS_ROOT}/Manifest.lock",
			);
			name = "[CP] Check Pods Manifest.lock";
			outputFileListPaths = (
			);
			outputPaths = (
				"$(DERIVED_FILE_DIR)/Pods-GitHubSearch-checkManifestLockResult.txt",
			);
			runOnlyForDeploymentPostprocessing = 0;
			shellPath = /bin/sh;
			shellScript = "diff \"${PODS_PODFILE_DIR_PATH}/Podfile.lock\" \"${PODS_ROOT}/Manifest.lock\" > /dev/null\nif [ $? != 0 ] ; then\n    # print error to STDERR\n    echo \"error: The sandbox is not in sync with the Podfile.lock. Run 'pod install' or update your CocoaPods installation.\" >&2\n    exit 1\nfi\n# This output is used by Xcode 'outputs' to avoid re-running this script phase.\necho \"SUCCESS\" > \"${SCRIPT_OUTPUT_FILE_0}\"\n";
			showEnvVarsInLog = 0;
		};
/* End PBXShellScriptBuildPhase section */

/* Begin PBXSourcesBuildPhase section */
		BD2F4AAA28816C4400C3BEA3 /* Sources */ = {
			isa = PBXSourcesBuildPhase;
			buildActionMask = 2147483647;
			files = (
				BDC714352883E55C0071AF13 /* TabBarController.swift in Sources */,
				BD2C1AE82887E154002A149E /* GitHubSearchView.swift in Sources */,
				BD2F4AB628816C4400C3BEA3 /* GitHubSearchViewController.swift in Sources */,
				BD2F4AB228816C4400C3BEA3 /* AppDelegate.swift in Sources */,
				BDBA4E1D28853FCC00770520 /* BookMarkViewController.swift in Sources */,
				BD2F4AB428816C4400C3BEA3 /* SceneDelegate.swift in Sources */,
			);
			runOnlyForDeploymentPostprocessing = 0;
		};
/* End PBXSourcesBuildPhase section */

/* Begin PBXVariantGroup section */
		BD2F4ABC28816C4500C3BEA3 /* LaunchScreen.storyboard */ = {
			isa = PBXVariantGroup;
			children = (
				BD2F4ABD28816C4500C3BEA3 /* Base */,
			);
			name = LaunchScreen.storyboard;
			sourceTree = "<group>";
		};
/* End PBXVariantGroup section */

/* Begin XCBuildConfiguration section */
		BD2F4AC028816C4500C3BEA3 /* Debug */ = {
			isa = XCBuildConfiguration;
			buildSettings = {
				ALWAYS_SEARCH_USER_PATHS = NO;
				CLANG_ANALYZER_NONNULL = YES;
				CLANG_ANALYZER_NUMBER_OBJECT_CONVERSION = YES_AGGRESSIVE;
				CLANG_CXX_LANGUAGE_STANDARD = "gnu++17";
				CLANG_ENABLE_MODULES = YES;
				CLANG_ENABLE_OBJC_ARC = YES;
				CLANG_ENABLE_OBJC_WEAK = YES;
				CLANG_WARN_BLOCK_CAPTURE_AUTORELEASING = YES;
				CLANG_WARN_BOOL_CONVERSION = YES;
				CLANG_WARN_COMMA = YES;
				CLANG_WARN_CONSTANT_CONVERSION = YES;
				CLANG_WARN_DEPRECATED_OBJC_IMPLEMENTATIONS = YES;
				CLANG_WARN_DIRECT_OBJC_ISA_USAGE = YES_ERROR;
				CLANG_WARN_DOCUMENTATION_COMMENTS = YES;
				CLANG_WARN_EMPTY_BODY = YES;
				CLANG_WARN_ENUM_CONVERSION = YES;
				CLANG_WARN_INFINITE_RECURSION = YES;
				CLANG_WARN_INT_CONVERSION = YES;
				CLANG_WARN_NON_LITERAL_NULL_CONVERSION = YES;
				CLANG_WARN_OBJC_IMPLICIT_RETAIN_SELF = YES;
				CLANG_WARN_OBJC_LITERAL_CONVERSION = YES;
				CLANG_WARN_OBJC_ROOT_CLASS = YES_ERROR;
				CLANG_WARN_QUOTED_INCLUDE_IN_FRAMEWORK_HEADER = YES;
				CLANG_WARN_RANGE_LOOP_ANALYSIS = YES;
				CLANG_WARN_STRICT_PROTOTYPES = YES;
				CLANG_WARN_SUSPICIOUS_MOVE = YES;
				CLANG_WARN_UNGUARDED_AVAILABILITY = YES_AGGRESSIVE;
				CLANG_WARN_UNREACHABLE_CODE = YES;
				CLANG_WARN__DUPLICATE_METHOD_MATCH = YES;
				COPY_PHASE_STRIP = NO;
				DEBUG_INFORMATION_FORMAT = dwarf;
				ENABLE_STRICT_OBJC_MSGSEND = YES;
				ENABLE_TESTABILITY = YES;
				GCC_C_LANGUAGE_STANDARD = gnu11;
				GCC_DYNAMIC_NO_PIC = NO;
				GCC_NO_COMMON_BLOCKS = YES;
				GCC_OPTIMIZATION_LEVEL = 0;
				GCC_PREPROCESSOR_DEFINITIONS = (
					"DEBUG=1",
					"$(inherited)",
				);
				GCC_WARN_64_TO_32_BIT_CONVERSION = YES;
				GCC_WARN_ABOUT_RETURN_TYPE = YES_ERROR;
				GCC_WARN_UNDECLARED_SELECTOR = YES;
				GCC_WARN_UNINITIALIZED_AUTOS = YES_AGGRESSIVE;
				GCC_WARN_UNUSED_FUNCTION = YES;
				GCC_WARN_UNUSED_VARIABLE = YES;
				IPHONEOS_DEPLOYMENT_TARGET = 15.4;
				MTL_ENABLE_DEBUG_INFO = INCLUDE_SOURCE;
				MTL_FAST_MATH = YES;
				ONLY_ACTIVE_ARCH = YES;
				SDKROOT = iphoneos;
				SWIFT_ACTIVE_COMPILATION_CONDITIONS = DEBUG;
				SWIFT_OPTIMIZATION_LEVEL = "-Onone";
			};
			name = Debug;
		};
		BD2F4AC128816C4500C3BEA3 /* Release */ = {
			isa = XCBuildConfiguration;
			buildSettings = {
				ALWAYS_SEARCH_USER_PATHS = NO;
				CLANG_ANALYZER_NONNULL = YES;
				CLANG_ANALYZER_NUMBER_OBJECT_CONVERSION = YES_AGGRESSIVE;
				CLANG_CXX_LANGUAGE_STANDARD = "gnu++17";
				CLANG_ENABLE_MODULES = YES;
				CLANG_ENABLE_OBJC_ARC = YES;
				CLANG_ENABLE_OBJC_WEAK = YES;
				CLANG_WARN_BLOCK_CAPTURE_AUTORELEASING = YES;
				CLANG_WARN_BOOL_CONVERSION = YES;
				CLANG_WARN_COMMA = YES;
				CLANG_WARN_CONSTANT_CONVERSION = YES;
				CLANG_WARN_DEPRECATED_OBJC_IMPLEMENTATIONS = YES;
				CLANG_WARN_DIRECT_OBJC_ISA_USAGE = YES_ERROR;
				CLANG_WARN_DOCUMENTATION_COMMENTS = YES;
				CLANG_WARN_EMPTY_BODY = YES;
				CLANG_WARN_ENUM_CONVERSION = YES;
				CLANG_WARN_INFINITE_RECURSION = YES;
				CLANG_WARN_INT_CONVERSION = YES;
				CLANG_WARN_NON_LITERAL_NULL_CONVERSION = YES;
				CLANG_WARN_OBJC_IMPLICIT_RETAIN_SELF = YES;
				CLANG_WARN_OBJC_LITERAL_CONVERSION = YES;
				CLANG_WARN_OBJC_ROOT_CLASS = YES_ERROR;
				CLANG_WARN_QUOTED_INCLUDE_IN_FRAMEWORK_HEADER = YES;
				CLANG_WARN_RANGE_LOOP_ANALYSIS = YES;
				CLANG_WARN_STRICT_PROTOTYPES = YES;
				CLANG_WARN_SUSPICIOUS_MOVE = YES;
				CLANG_WARN_UNGUARDED_AVAILABILITY = YES_AGGRESSIVE;
				CLANG_WARN_UNREACHABLE_CODE = YES;
				CLANG_WARN__DUPLICATE_METHOD_MATCH = YES;
				COPY_PHASE_STRIP = NO;
				DEBUG_INFORMATION_FORMAT = "dwarf-with-dsym";
				ENABLE_NS_ASSERTIONS = NO;
				ENABLE_STRICT_OBJC_MSGSEND = YES;
				GCC_C_LANGUAGE_STANDARD = gnu11;
				GCC_NO_COMMON_BLOCKS = YES;
				GCC_WARN_64_TO_32_BIT_CONVERSION = YES;
				GCC_WARN_ABOUT_RETURN_TYPE = YES_ERROR;
				GCC_WARN_UNDECLARED_SELECTOR = YES;
				GCC_WARN_UNINITIALIZED_AUTOS = YES_AGGRESSIVE;
				GCC_WARN_UNUSED_FUNCTION = YES;
				GCC_WARN_UNUSED_VARIABLE = YES;
				IPHONEOS_DEPLOYMENT_TARGET = 15.4;
				MTL_ENABLE_DEBUG_INFO = NO;
				MTL_FAST_MATH = YES;
				SDKROOT = iphoneos;
				SWIFT_COMPILATION_MODE = wholemodule;
				SWIFT_OPTIMIZATION_LEVEL = "-O";
				VALIDATE_PRODUCT = YES;
			};
			name = Release;
		};
		BD2F4AC328816C4500C3BEA3 /* Debug */ = {
			isa = XCBuildConfiguration;
			baseConfigurationReference = FE0DAA8ED9F621F03D333F04 /* Pods-GitHubSearch.debug.xcconfig */;
			buildSettings = {
				ASSETCATALOG_COMPILER_APPICON_NAME = AppIcon;
				ASSETCATALOG_COMPILER_GLOBAL_ACCENT_COLOR_NAME = AccentColor;
				CODE_SIGN_STYLE = Automatic;
				CURRENT_PROJECT_VERSION = 1;
				DEVELOPMENT_TEAM = T77G9YWYU5;
				GENERATE_INFOPLIST_FILE = YES;
				INFOPLIST_FILE = GitHubSearch/Info.plist;
				INFOPLIST_KEY_UIApplicationSupportsIndirectInputEvents = YES;
				INFOPLIST_KEY_UILaunchStoryboardName = LaunchScreen;
				INFOPLIST_KEY_UISupportedInterfaceOrientations_iPad = "UIInterfaceOrientationPortrait UIInterfaceOrientationPortraitUpsideDown UIInterfaceOrientationLandscapeLeft UIInterfaceOrientationLandscapeRight";
				INFOPLIST_KEY_UISupportedInterfaceOrientations_iPhone = "UIInterfaceOrientationPortrait UIInterfaceOrientationLandscapeLeft UIInterfaceOrientationLandscapeRight";
				IPHONEOS_DEPLOYMENT_TARGET = 14.0;
				LD_RUNPATH_SEARCH_PATHS = (
					"$(inherited)",
					"@executable_path/Frameworks",
				);
				MARKETING_VERSION = 1.0;
				PRODUCT_BUNDLE_IDENTIFIER = com.GitHubSearch;
				PRODUCT_NAME = "$(TARGET_NAME)";
				SWIFT_EMIT_LOC_STRINGS = YES;
				SWIFT_VERSION = 5.0;
				TARGETED_DEVICE_FAMILY = "1,2";
			};
			name = Debug;
		};
		BD2F4AC428816C4500C3BEA3 /* Release */ = {
			isa = XCBuildConfiguration;
			baseConfigurationReference = C6716F22A269D5AAB32CADF4 /* Pods-GitHubSearch.release.xcconfig */;
			buildSettings = {
				ASSETCATALOG_COMPILER_APPICON_NAME = AppIcon;
				ASSETCATALOG_COMPILER_GLOBAL_ACCENT_COLOR_NAME = AccentColor;
				CODE_SIGN_STYLE = Automatic;
				CURRENT_PROJECT_VERSION = 1;
				DEVELOPMENT_TEAM = T77G9YWYU5;
				GENERATE_INFOPLIST_FILE = YES;
				INFOPLIST_FILE = GitHubSearch/Info.plist;
				INFOPLIST_KEY_UIApplicationSupportsIndirectInputEvents = YES;
				INFOPLIST_KEY_UILaunchStoryboardName = LaunchScreen;
				INFOPLIST_KEY_UISupportedInterfaceOrientations_iPad = "UIInterfaceOrientationPortrait UIInterfaceOrientationPortraitUpsideDown UIInterfaceOrientationLandscapeLeft UIInterfaceOrientationLandscapeRight";
				INFOPLIST_KEY_UISupportedInterfaceOrientations_iPhone = "UIInterfaceOrientationPortrait UIInterfaceOrientationLandscapeLeft UIInterfaceOrientationLandscapeRight";
				IPHONEOS_DEPLOYMENT_TARGET = 14.0;
				LD_RUNPATH_SEARCH_PATHS = (
					"$(inherited)",
					"@executable_path/Frameworks",
				);
				MARKETING_VERSION = 1.0;
				PRODUCT_BUNDLE_IDENTIFIER = com.GitHubSearch;
				PRODUCT_NAME = "$(TARGET_NAME)";
				SWIFT_EMIT_LOC_STRINGS = YES;
				SWIFT_VERSION = 5.0;
				TARGETED_DEVICE_FAMILY = "1,2";
			};
			name = Release;
		};
/* End XCBuildConfiguration section */

/* Begin XCConfigurationList section */
		BD2F4AA928816C4400C3BEA3 /* Build configuration list for PBXProject "GitHubSearch" */ = {
			isa = XCConfigurationList;
			buildConfigurations = (
				BD2F4AC028816C4500C3BEA3 /* Debug */,
				BD2F4AC128816C4500C3BEA3 /* Release */,
			);
			defaultConfigurationIsVisible = 0;
			defaultConfigurationName = Release;
		};
		BD2F4AC228816C4500C3BEA3 /* Build configuration list for PBXNativeTarget "GitHubSearch" */ = {
			isa = XCConfigurationList;
			buildConfigurations = (
				BD2F4AC328816C4500C3BEA3 /* Debug */,
				BD2F4AC428816C4500C3BEA3 /* Release */,
			);
			defaultConfigurationIsVisible = 0;
			defaultConfigurationName = Release;
		};
/* End XCConfigurationList section */
	};
	rootObject = BD2F4AA628816C4400C3BEA3 /* Project object */;
}
